
Microsoft Visual Studio Solution File, Format Version 12.00
# Visual Studio Version 17
VisualStudioVersion = 17.10.34916.146
MinimumVisualStudioVersion = 10.0.40219.1
Project("{FAE04EC0-301F-11D3-BF4B-00C04F79EFBC}") = "openbook", "openbook.csproj", "{92A274E7-E6CA-44D1-B0C2-796B4774F0DC}"
EndProject
Global
	GlobalSection(SolutionConfigurationPlatforms) = preSolution
		Debug|Any CPU = Debug|Any CPU
		Release|Any CPU = Release|Any CPU
	EndGlobalSection
	GlobalSection(ProjectConfigurationPlatforms) = postSolution
		{92A274E7-E6CA-44D1-B0C2-796B4774F0DC}.Debug|Any CPU.ActiveCfg = Debug|Any CPU
		{92A274E7-E6CA-44D1-B0C2-796B4774F0DC}.Debug|Any CPU.Build.0 = Debug|Any CPU
		{92A274E7-E6CA-44D1-B0C2-796B4774F0DC}.Release|Any CPU.ActiveCfg = Release|Any CPU
		{92A274E7-E6CA-44D1-B0C2-796B4774F0DC}.Release|Any CPU.Build.0 = Release|Any CPU
	EndGlobalSection
	GlobalSection(SolutionProperties) = preSolution
		HideSolutionNode = FALSE
	EndGlobalSection
	GlobalSection(ExtensibilityGlobals) = postSolution
		SolutionGuid = {C5CC81FA-E98C-4BCA-BFAB-B3CE7FFC4EC9}
	EndGlobalSection
EndGlobal
